
Microsoft Visual Studio Solution File, Format Version 12.00
# Visual Studio Version 16
VisualStudioVersion = 16.0.31911.196
MinimumVisualStudioVersion = 10.0.40219.1
Project("{9A19103F-16F7-4668-BE54-9A1E7A4F7556}") = "API", "API\API.csproj", "{F57470DB-D94E-4876-A2F9-88E5B1171190}"
EndProject
Project("{FAE04EC0-301F-11D3-BF4B-00C04F79EFBC}") = "Core", "Core\Core.csproj", "{9FC770AC-7FD2-4174-A880-FF399B653048}"
EndProject
Project("{FAE04EC0-301F-11D3-BF4B-00C04F79EFBC}") = "Infrastructure", "Infrastructure\Infrastructure.csproj", "{E9E5ABAB-CD7A-49A5-87C1-1710C0EF6479}"
EndProject
Global
	GlobalSection(SolutionConfigurationPlatforms) = preSolution
		Debug|Any CPU = Debug|Any CPU
		Release|Any CPU = Release|Any CPU
	EndGlobalSection
	GlobalSection(ProjectConfigurationPlatforms) = postSolution
		{F57470DB-D94E-4876-A2F9-88E5B1171190}.Debug|Any CPU.ActiveCfg = Debug|Any CPU
		{F57470DB-D94E-4876-A2F9-88E5B1171190}.Debug|Any CPU.Build.0 = Debug|Any CPU
		{F57470DB-D94E-4876-A2F9-88E5B1171190}.Release|Any CPU.ActiveCfg = Release|Any CPU
		{F57470DB-D94E-4876-A2F9-88E5B1171190}.Release|Any CPU.Build.0 = Release|Any CPU
		{9FC770AC-7FD2-4174-A880-FF399B653048}.Debug|Any CPU.ActiveCfg = Debug|Any CPU
		{9FC770AC-7FD2-4174-A880-FF399B653048}.Debug|Any CPU.Build.0 = Debug|Any CPU
		{9FC770AC-7FD2-4174-A880-FF399B653048}.Release|Any CPU.ActiveCfg = Release|Any CPU
		{9FC770AC-7FD2-4174-A880-FF399B653048}.Release|Any CPU.Build.0 = Release|Any CPU
		{E9E5ABAB-CD7A-49A5-87C1-1710C0EF6479}.Debug|Any CPU.ActiveCfg = Debug|Any CPU
		{E9E5ABAB-CD7A-49A5-87C1-1710C0EF6479}.Debug|Any CPU.Build.0 = Debug|Any CPU
		{E9E5ABAB-CD7A-49A5-87C1-1710C0EF6479}.Release|Any CPU.ActiveCfg = Release|Any CPU
		{E9E5ABAB-CD7A-49A5-87C1-1710C0EF6479}.Release|Any CPU.Build.0 = Release|Any CPU
	EndGlobalSection
	GlobalSection(SolutionProperties) = preSolution
		HideSolutionNode = FALSE
	EndGlobalSection
	GlobalSection(ExtensibilityGlobals) = postSolution
		SolutionGuid = {3F366E10-F05A-4445-8775-C5E19E7C35FE}
	EndGlobalSection
EndGlobal
